Microsoft Visual Studio Solution File, Format Version 12.00
# Visual Studio Version 17
VisualStudioVersion = 17.5.2.0
MinimumVisualStudioVersion = 10.0.40219.1
Project("{FAE04EC0-301F-11D3-BF4B-00C04F79EFBC}") = "TechoMaps", "TechoMaps.csproj", "{89AB6F7F-B46E-F210-30A5-2F98F5F8BE17}"
EndProject
Global
	GlobalSection(SolutionConfigurationPlatforms) = preSolution
		Debug|Any CPU = Debug|Any CPU
		Release|Any CPU = Release|Any CPU
	EndGlobalSection
	GlobalSection(ProjectConfigurationPlatforms) = postSolution
		{89AB6F7F-B46E-F210-30A5-2F98F5F8BE17}.Debug|Any CPU.ActiveCfg = Debug|Any CPU
		{89AB6F7F-B46E-F210-30A5-2F98F5F8BE17}.Debug|Any CPU.Build.0 = Debug|Any CPU
		{89AB6F7F-B46E-F210-30A5-2F98F5F8BE17}.Release|Any CPU.ActiveCfg = Release|Any CPU
		{89AB6F7F-B46E-F210-30A5-2F98F5F8BE17}.Release|Any CPU.Build.0 = Release|Any CPU
	EndGlobalSection
	GlobalSection(SolutionProperties) = preSolution
		HideSolutionNode = FALSE
	EndGlobalSection
	GlobalSection(ExtensibilityGlobals) = postSolution
		SolutionGuid = {7E2AD16A-570B-4994-9C31-87D8A08A94A2}
	EndGlobalSection
EndGlobal
